
Microsoft Visual Studio Solution File, Format Version 12.00
# Visual Studio Version 16
VisualStudioVersion = 16.0.30907.101
MinimumVisualStudioVersion = 10.0.40219.1
Project("{9A19103F-16F7-4668-BE54-9A1E7A4F7556}") = "KampIntroo", "KampIntroo\KampIntroo.csproj", "{4FCCB83B-DFF5-4CE1-BB67-9BFFC265DF0B}"
EndProject
Project("{9A19103F-16F7-4668-BE54-9A1E7A4F7556}") = "Donguler", "Donguler\Donguler.csproj", "{5A9E6BC2-F59F-4269-8E20-0E6B87DED285}"
EndProject
Project("{9A19103F-16F7-4668-BE54-9A1E7A4F7556}") = "ClassIntro", "ClassIntro\ClassIntro.csproj", "{0F13473A-F221-4D3F-A389-F7FDA7084F69}"
EndProject
Project("{9A19103F-16F7-4668-BE54-9A1E7A4F7556}") = "Metotlar", "Metotlarr\Metotlar.csproj", "{EAF8485E-D9C2-4B41-98E1-10948D8C9026}"
EndProject
Project("{FAE04EC0-301F-11D3-BF4B-00C04F79EFBC}") = "Matematik", "Matematik\Matematik.csproj", "{E8038A38-F06E-4CEA-99F9-A6AD1E3401B4}"
EndProject
Project("{FAE04EC0-301F-11D3-BF4B-00C04F79EFBC}") = "DegerVeReferansTipleri", "DegerVeReferansTipleri\DegerVeReferansTipleri.csproj", "{BB6BA1A3-3382-4450-B0C6-95C35FA0B103}"
EndProject
Global
	GlobalSection(SolutionConfigurationPlatforms) = preSolution
		Debug|Any CPU = Debug|Any CPU
		Release|Any CPU = Release|Any CPU
	EndGlobalSection
	GlobalSection(ProjectConfigurationPlatforms) = postSolution
		{4FCCB83B-DFF5-4CE1-BB67-9BFFC265DF0B}.Debug|Any CPU.ActiveCfg = Debug|Any CPU
		{4FCCB83B-DFF5-4CE1-BB67-9BFFC265DF0B}.Debug|Any CPU.Build.0 = Debug|Any CPU
		{4FCCB83B-DFF5-4CE1-BB67-9BFFC265DF0B}.Release|Any CPU.ActiveCfg = Release|Any CPU
		{4FCCB83B-DFF5-4CE1-BB67-9BFFC265DF0B}.Release|Any CPU.Build.0 = Release|Any CPU
		{5A9E6BC2-F59F-4269-8E20-0E6B87DED285}.Debug|Any CPU.ActiveCfg = Debug|Any CPU
		{5A9E6BC2-F59F-4269-8E20-0E6B87DED285}.Debug|Any CPU.Build.0 = Debug|Any CPU
		{5A9E6BC2-F59F-4269-8E20-0E6B87DED285}.Release|Any CPU.ActiveCfg = Release|Any CPU
		{5A9E6BC2-F59F-4269-8E20-0E6B87DED285}.Release|Any CPU.Build.0 = Release|Any CPU
		{0F13473A-F221-4D3F-A389-F7FDA7084F69}.Debug|Any CPU.ActiveCfg = Debug|Any CPU
		{0F13473A-F221-4D3F-A389-F7FDA7084F69}.Debug|Any CPU.Build.0 = Debug|Any CPU
		{0F13473A-F221-4D3F-A389-F7FDA7084F69}.Release|Any CPU.ActiveCfg = Release|Any CPU
		{0F13473A-F221-4D3F-A389-F7FDA7084F69}.Release|Any CPU.Build.0 = Release|Any CPU
		{EAF8485E-D9C2-4B41-98E1-10948D8C9026}.Debug|Any CPU.ActiveCfg = Debug|Any CPU
		{EAF8485E-D9C2-4B41-98E1-10948D8C9026}.Debug|Any CPU.Build.0 = Debug|Any CPU
		{EAF8485E-D9C2-4B41-98E1-10948D8C9026}.Release|Any CPU.ActiveCfg = Release|Any CPU
		{EAF8485E-D9C2-4B41-98E1-10948D8C9026}.Release|Any CPU.Build.0 = Release|Any CPU
		{E8038A38-F06E-4CEA-99F9-A6AD1E3401B4}.Debug|Any CPU.ActiveCfg = Debug|Any CPU
		{E8038A38-F06E-4CEA-99F9-A6AD1E3401B4}.Debug|Any CPU.Build.0 = Debug|Any CPU
		{E8038A38-F06E-4CEA-99F9-A6AD1E3401B4}.Release|Any CPU.ActiveCfg = Release|Any CPU
		{E8038A38-F06E-4CEA-99F9-A6AD1E3401B4}.Release|Any CPU.Build.0 = Release|Any CPU
		{BB6BA1A3-3382-4450-B0C6-95C35FA0B103}.Debug|Any CPU.ActiveCfg = Debug|Any CPU
		{BB6BA1A3-3382-4450-B0C6-95C35FA0B103}.Debug|Any CPU.Build.0 = Debug|Any CPU
		{BB6BA1A3-3382-4450-B0C6-95C35FA0B103}.Release|Any CPU.ActiveCfg = Release|Any CPU
		{BB6BA1A3-3382-4450-B0C6-95C35FA0B103}.Release|Any CPU.Build.0 = Release|Any CPU
	EndGlobalSection
	GlobalSection(SolutionProperties) = preSolution
		HideSolutionNode = FALSE
	EndGlobalSection
	GlobalSection(ExtensibilityGlobals) = postSolution
		SolutionGuid = {05BD08C1-3752-4D3E-A6C4-1AFEBC3AE46C}
	EndGlobalSection
EndGlobal
